{
  "originHash" : "f42400b1d8f48320e32c9f416a54eab578f537b198bba0600fe7c0fbdc872bab",
  "pins" : [
    {
      "identity" : "home-control-client",
      "kind" : "remoteSourceControl",
      "location" : "https://github.com/f23a/home-control-client.git",
      "state" : {
        "revision" : "7b6eefb770852c0de4775b165b80cfadbaac75f6",
        "version" : "1.0.1"
      }
    },
    {
      "identity" : "home-control-kit",
      "kind" : "remoteSourceControl",
      "location" : "https://github.com/f23a/home-control-kit.git",
      "state" : {
        "revision" : "524670ebd49e0bca9df2821d4e692676f81d5bbe",
        "version" : "1.0.0"
      }
    },
    {
      "identity" : "promisekit",
      "kind" : "remoteSourceControl",
      "location" : "https://github.com/mxcl/PromiseKit.git",
      "state" : {
        "revision" : "8a98e31a47854d3180882c8068cc4d9381bf382d",
        "version" : "6.22.1"
      }
    },
    {
      "identity" : "sungrowkit",
      "kind" : "remoteSourceControl",
      "location" : "https://github.com/cpageler93/SungrowKit.git",
      "state" : {
        "revision" : "79909b5c09617d4a4a5fc830256fa873f0c4095f",
        "version" : "1.4.0"
      }
    },
    {
      "identity" : "swiftymodbus",
      "kind" : "remoteSourceControl",
      "location" : "https://github.com/DimaRU/SwiftyModbus.git",
      "state" : {
        "revision" : "444406bf0d43bf325073e892256c963e5bf77441",
        "version" : "2.2.1"
      }
    }
  ],
  "version" : 3
}
