{
  "originHash" : "a97d9c4bb4a43fc1a3c8294de482526d9c64ff9691c64c049cf94586cf923dd5",
  "pins" : [
    {
      "identity" : "home-control-client",
      "kind" : "remoteSourceControl",
      "location" : "https://github.com/f23a/home-control-client.git",
      "state" : {
        "revision" : "a172bdb7da7f7d5fef58ee699a26666a14ef168b",
        "version" : "1.0.2"
      }
    },
    {
      "identity" : "home-control-kit",
      "kind" : "remoteSourceControl",
      "location" : "https://github.com/f23a/home-control-kit.git",
      "state" : {
        "revision" : "c09125cdcd0bf9bd902945214c9935d8fb642951",
        "version" : "1.0.4"
      }
    },
    {
      "identity" : "promisekit",
      "kind" : "remoteSourceControl",
      "location" : "https://github.com/mxcl/PromiseKit.git",
      "state" : {
        "revision" : "8a98e31a47854d3180882c8068cc4d9381bf382d",
        "version" : "6.22.1"
      }
    },
    {
      "identity" : "sungrowkit",
      "kind" : "remoteSourceControl",
      "location" : "https://github.com/cpageler93/SungrowKit.git",
      "state" : {
        "revision" : "79909b5c09617d4a4a5fc830256fa873f0c4095f",
        "version" : "1.4.0"
      }
    },
    {
      "identity" : "swiftymodbus",
      "kind" : "remoteSourceControl",
      "location" : "https://github.com/DimaRU/SwiftyModbus.git",
      "state" : {
        "revision" : "444406bf0d43bf325073e892256c963e5bf77441",
        "version" : "2.2.1"
      }
    }
  ],
  "version" : 3
}
